
Microsoft Visual Studio Solution File, Format Version 12.00
# Visual Studio 15
VisualStudioVersion = 15.0.27703.2018
MinimumVisualStudioVersion = 10.0.40219.1
Project("{9A19103F-16F7-4668-BE54-9A1E7A4F7556}") = "fedexlibrary.cs", "fedexlibrary.cs\fedexlibrary.cs.csproj", "{C536F54F-6E65-4DDA-B54C-D6CB0679A962}"
EndProject
Project("{9A19103F-16F7-4668-BE54-9A1E7A4F7556}") = "FedexSystemConsole.cs", "..\FedexSystemConsole.cs\FedexSystemConsole.cs\FedexSystemConsole.cs.csproj", "{EA185960-4986-4C81-BE42-D5D9570D289E}"
EndProject
Project("{FAE04EC0-301F-11D3-BF4B-00C04F79EFBC}") = "Shipperorderlib", "Shipperorderlib\Shipperorderlib.csproj", "{C1CFC7EA-5692-4A69-984B-5A78E89263AE}"
EndProject
Global
	GlobalSection(SolutionConfigurationPlatforms) = preSolution
		Debug|Any CPU = Debug|Any CPU
		Release|Any CPU = Release|Any CPU
	EndGlobalSection
	GlobalSection(ProjectConfigurationPlatforms) = postSolution
		{C536F54F-6E65-4DDA-B54C-D6CB0679A962}.Debug|Any CPU.ActiveCfg = Debug|Any CPU
		{C536F54F-6E65-4DDA-B54C-D6CB0679A962}.Debug|Any CPU.Build.0 = Debug|Any CPU
		{C536F54F-6E65-4DDA-B54C-D6CB0679A962}.Release|Any CPU.ActiveCfg = Release|Any CPU
		{C536F54F-6E65-4DDA-B54C-D6CB0679A962}.Release|Any CPU.Build.0 = Release|Any CPU
		{EA185960-4986-4C81-BE42-D5D9570D289E}.Debug|Any CPU.ActiveCfg = Debug|Any CPU
		{EA185960-4986-4C81-BE42-D5D9570D289E}.Debug|Any CPU.Build.0 = Debug|Any CPU
		{EA185960-4986-4C81-BE42-D5D9570D289E}.Release|Any CPU.ActiveCfg = Release|Any CPU
		{EA185960-4986-4C81-BE42-D5D9570D289E}.Release|Any CPU.Build.0 = Release|Any CPU
		{C1CFC7EA-5692-4A69-984B-5A78E89263AE}.Debug|Any CPU.ActiveCfg = Debug|Any CPU
		{C1CFC7EA-5692-4A69-984B-5A78E89263AE}.Debug|Any CPU.Build.0 = Debug|Any CPU
		{C1CFC7EA-5692-4A69-984B-5A78E89263AE}.Release|Any CPU.ActiveCfg = Release|Any CPU
		{C1CFC7EA-5692-4A69-984B-5A78E89263AE}.Release|Any CPU.Build.0 = Release|Any CPU
	EndGlobalSection
	GlobalSection(SolutionProperties) = preSolution
		HideSolutionNode = FALSE
	EndGlobalSection
	GlobalSection(ExtensibilityGlobals) = postSolution
		SolutionGuid = {BFA50AF4-69AA-4BC5-8538-DB2359308577}
	EndGlobalSection
EndGlobal
